
Microsoft Visual Studio Solution File, Format Version 12.00
# Visual Studio Version 17
VisualStudioVersion = 17.10.35013.160
MinimumVisualStudioVersion = 10.0.40219.1
Project("{FAE04EC0-301F-11D3-BF4B-00C04F79EFBC}") = "project_gui", "project_gui\project_gui.csproj", "{AEC6BF42-7AC1-4E4B-A5A3-D8DB99A02B8F}"
EndProject
Global
	GlobalSection(SolutionConfigurationPlatforms) = preSolution
		Debug|Any CPU = Debug|Any CPU
		Release|Any CPU = Release|Any CPU
	EndGlobalSection
	GlobalSection(ProjectConfigurationPlatforms) = postSolution
		{AEC6BF42-7AC1-4E4B-A5A3-D8DB99A02B8F}.Debug|Any CPU.ActiveCfg = Debug|Any CPU
		{AEC6BF42-7AC1-4E4B-A5A3-D8DB99A02B8F}.Debug|Any CPU.Build.0 = Debug|Any CPU
		{AEC6BF42-7AC1-4E4B-A5A3-D8DB99A02B8F}.Release|Any CPU.ActiveCfg = Release|Any CPU
		{AEC6BF42-7AC1-4E4B-A5A3-D8DB99A02B8F}.Release|Any CPU.Build.0 = Release|Any CPU
	EndGlobalSection
	GlobalSection(SolutionProperties) = preSolution
		HideSolutionNode = FALSE
	EndGlobalSection
	GlobalSection(ExtensibilityGlobals) = postSolution
		SolutionGuid = {42EBE8A3-CE12-446B-B536-3B3FA1CF9E61}
	EndGlobalSection
EndGlobal
